
Microsoft Visual Studio Solution File, Format Version 12.00
# Visual Studio Version 16
VisualStudioVersion = 16.0.31727.386
MinimumVisualStudioVersion = 10.0.40219.1
Project("{FAE04EC0-301F-11D3-BF4B-00C04F79EFBC}") = "BankApp.CLI", "BankApp.Console\BankApp.CLI.csproj", "{2DBAA1F7-D23C-41FE-B5F4-E4FBDD43F98E}"
	ProjectSection(ProjectDependencies) = postProject
		{30F60C6D-24D5-47EB-9687-06FF2ADED3CB} = {30F60C6D-24D5-47EB-9687-06FF2ADED3CB}
	EndProjectSection
EndProject
Project("{9A19103F-16F7-4668-BE54-9A1E7A4F7556}") = "BankApp.Models", "BankApp.Models\BankApp.Models.csproj", "{30F60C6D-24D5-47EB-9687-06FF2ADED3CB}"
EndProject
Project("{9A19103F-16F7-4668-BE54-9A1E7A4F7556}") = "BankApp.Services", "BankApp.Services\BankApp.Services.csproj", "{86882A1A-99F8-46DD-826F-D457361FF355}"
EndProject
Global
	GlobalSection(SolutionConfigurationPlatforms) = preSolution
		Debug|Any CPU = Debug|Any CPU
		Release|Any CPU = Release|Any CPU
	EndGlobalSection
	GlobalSection(ProjectConfigurationPlatforms) = postSolution
		{2DBAA1F7-D23C-41FE-B5F4-E4FBDD43F98E}.Debug|Any CPU.ActiveCfg = Debug|Any CPU
		{2DBAA1F7-D23C-41FE-B5F4-E4FBDD43F98E}.Debug|Any CPU.Build.0 = Debug|Any CPU
		{2DBAA1F7-D23C-41FE-B5F4-E4FBDD43F98E}.Release|Any CPU.ActiveCfg = Release|Any CPU
		{2DBAA1F7-D23C-41FE-B5F4-E4FBDD43F98E}.Release|Any CPU.Build.0 = Release|Any CPU
		{30F60C6D-24D5-47EB-9687-06FF2ADED3CB}.Debug|Any CPU.ActiveCfg = Debug|Any CPU
		{30F60C6D-24D5-47EB-9687-06FF2ADED3CB}.Debug|Any CPU.Build.0 = Debug|Any CPU
		{30F60C6D-24D5-47EB-9687-06FF2ADED3CB}.Release|Any CPU.ActiveCfg = Release|Any CPU
		{30F60C6D-24D5-47EB-9687-06FF2ADED3CB}.Release|Any CPU.Build.0 = Release|Any CPU
		{86882A1A-99F8-46DD-826F-D457361FF355}.Debug|Any CPU.ActiveCfg = Debug|Any CPU
		{86882A1A-99F8-46DD-826F-D457361FF355}.Debug|Any CPU.Build.0 = Debug|Any CPU
		{86882A1A-99F8-46DD-826F-D457361FF355}.Release|Any CPU.ActiveCfg = Release|Any CPU
		{86882A1A-99F8-46DD-826F-D457361FF355}.Release|Any CPU.Build.0 = Release|Any CPU
	EndGlobalSection
	GlobalSection(SolutionProperties) = preSolution
		HideSolutionNode = FALSE
	EndGlobalSection
	GlobalSection(ExtensibilityGlobals) = postSolution
		SolutionGuid = {CBD3E063-372C-4297-9281-E4E7DDDF5CAD}
	EndGlobalSection
EndGlobal
